
Microsoft Visual Studio Solution File, Format Version 12.00
# Visual Studio Version 16
VisualStudioVersion = 16.0.30011.22
MinimumVisualStudioVersion = 10.0.40219.1
Project("{2150E333-8FDC-42A3-9474-1A3956D46DE8}") = "src", "src", "{66144D65-C60E-4776-AACF-BFB37B9865BC}"
EndProject
Project("{2150E333-8FDC-42A3-9474-1A3956D46DE8}") = "services", "services", "{AF82FBDE-24FE-486C-8A14-A7E063A27ECD}"
EndProject
Project("{9A19103F-16F7-4668-BE54-9A1E7A4F7556}") = "ProductCatalogAPI", "ProductCatalogAPI\ProductCatalogAPI.csproj", "{6B2957CC-46EB-491A-A2D9-F07823BC809F}"
EndProject
Project("{E53339B2-1760-4266-BCC7-CA923CBCF16C}") = "docker-compose", "docker-compose.dcproj", "{16E0D850-325E-4D78-A6B5-9FDD1E9FB4F2}"
EndProject
Project("{2150E333-8FDC-42A3-9474-1A3956D46DE8}") = "web", "web", "{3B75243A-351A-44B4-9F89-5F156175A805}"
EndProject
Project("{9A19103F-16F7-4668-BE54-9A1E7A4F7556}") = "WebMvc", "WebMvc\WebMvc.csproj", "{BF056DF2-889D-4E8B-9270-154751D94F23}"
EndProject
Project("{9A19103F-16F7-4668-BE54-9A1E7A4F7556}") = "TokenServiceApi", "TokenServiceApi\TokenServiceApi.csproj", "{95D249D1-B556-43BF-BBF4-DEEDC0E41F1E}"
EndProject
Project("{FAE04EC0-301F-11D3-BF4B-00C04F79EFBC}") = "CartApi", "CartApi\CartApi.csproj", "{2D16F3F0-E0E2-4CAE-AE8E-C324B5783FE1}"
EndProject
Global
	GlobalSection(SolutionConfigurationPlatforms) = preSolution
		Debug|Any CPU = Debug|Any CPU
		Release|Any CPU = Release|Any CPU
	EndGlobalSection
	GlobalSection(ProjectConfigurationPlatforms) = postSolution
		{6B2957CC-46EB-491A-A2D9-F07823BC809F}.Debug|Any CPU.ActiveCfg = Debug|Any CPU
		{6B2957CC-46EB-491A-A2D9-F07823BC809F}.Debug|Any CPU.Build.0 = Debug|Any CPU
		{6B2957CC-46EB-491A-A2D9-F07823BC809F}.Release|Any CPU.ActiveCfg = Release|Any CPU
		{6B2957CC-46EB-491A-A2D9-F07823BC809F}.Release|Any CPU.Build.0 = Release|Any CPU
		{16E0D850-325E-4D78-A6B5-9FDD1E9FB4F2}.Debug|Any CPU.ActiveCfg = Debug|Any CPU
		{16E0D850-325E-4D78-A6B5-9FDD1E9FB4F2}.Debug|Any CPU.Build.0 = Debug|Any CPU
		{16E0D850-325E-4D78-A6B5-9FDD1E9FB4F2}.Release|Any CPU.ActiveCfg = Release|Any CPU
		{16E0D850-325E-4D78-A6B5-9FDD1E9FB4F2}.Release|Any CPU.Build.0 = Release|Any CPU
		{BF056DF2-889D-4E8B-9270-154751D94F23}.Debug|Any CPU.ActiveCfg = Debug|Any CPU
		{BF056DF2-889D-4E8B-9270-154751D94F23}.Debug|Any CPU.Build.0 = Debug|Any CPU
		{BF056DF2-889D-4E8B-9270-154751D94F23}.Release|Any CPU.ActiveCfg = Release|Any CPU
		{BF056DF2-889D-4E8B-9270-154751D94F23}.Release|Any CPU.Build.0 = Release|Any CPU
		{95D249D1-B556-43BF-BBF4-DEEDC0E41F1E}.Debug|Any CPU.ActiveCfg = Debug|Any CPU
		{95D249D1-B556-43BF-BBF4-DEEDC0E41F1E}.Debug|Any CPU.Build.0 = Debug|Any CPU
		{95D249D1-B556-43BF-BBF4-DEEDC0E41F1E}.Release|Any CPU.ActiveCfg = Release|Any CPU
		{95D249D1-B556-43BF-BBF4-DEEDC0E41F1E}.Release|Any CPU.Build.0 = Release|Any CPU
		{2D16F3F0-E0E2-4CAE-AE8E-C324B5783FE1}.Debug|Any CPU.ActiveCfg = Debug|Any CPU
		{2D16F3F0-E0E2-4CAE-AE8E-C324B5783FE1}.Debug|Any CPU.Build.0 = Debug|Any CPU
		{2D16F3F0-E0E2-4CAE-AE8E-C324B5783FE1}.Release|Any CPU.ActiveCfg = Release|Any CPU
		{2D16F3F0-E0E2-4CAE-AE8E-C324B5783FE1}.Release|Any CPU.Build.0 = Release|Any CPU
	EndGlobalSection
	GlobalSection(SolutionProperties) = preSolution
		HideSolutionNode = FALSE
	EndGlobalSection
	GlobalSection(NestedProjects) = preSolution
		{AF82FBDE-24FE-486C-8A14-A7E063A27ECD} = {66144D65-C60E-4776-AACF-BFB37B9865BC}
		{6B2957CC-46EB-491A-A2D9-F07823BC809F} = {AF82FBDE-24FE-486C-8A14-A7E063A27ECD}
		{3B75243A-351A-44B4-9F89-5F156175A805} = {66144D65-C60E-4776-AACF-BFB37B9865BC}
		{BF056DF2-889D-4E8B-9270-154751D94F23} = {3B75243A-351A-44B4-9F89-5F156175A805}
		{95D249D1-B556-43BF-BBF4-DEEDC0E41F1E} = {AF82FBDE-24FE-486C-8A14-A7E063A27ECD}
		{2D16F3F0-E0E2-4CAE-AE8E-C324B5783FE1} = {AF82FBDE-24FE-486C-8A14-A7E063A27ECD}
	EndGlobalSection
	GlobalSection(ExtensibilityGlobals) = postSolution
		SolutionGuid = {9B8B4EB0-7AB9-4BD7-AACC-DA1AE4213BB7}
	EndGlobalSection
EndGlobal
